// !$*UTF8*$!
{
	archiveVersion = 1;
	classes = {
	};
	objectVersion = 46;
	objects = {

/* Begin PBXBuildFile section */
		2C0239B51E4B02EF00CD6008 /* MBAToast.swift in Sources */ = {isa = PBXBuildFile; fileRef = 2C0239B41E4B02EF00CD6008 /* MBAToast.swift */; };
		2C0239C11E4B06FC00CD6008 /* BaseModel.swift in Sources */ = {isa = PBXBuildFile; fileRef = 2C0239B71E4B06FC00CD6008 /* BaseModel.swift */; };
		2C3A597B1E319CD800EBAD70 /* luyingshort.caf in Resources */ = {isa = PBXBuildFile; fileRef = 2C3A59781E319CBC00EBAD70 /* luyingshort.caf */; };
		2C3A597C1E319CD800EBAD70 /* yicailong.caf in Resources */ = {isa = PBXBuildFile; fileRef = 2C3A59791E319CBC00EBAD70 /* yicailong.caf */; };
		2C3A597D1E319CD800EBAD70 /* yicaishort.caf in Resources */ = {isa = PBXBuildFile; fileRef = 2C3A597A1E319CBC00EBAD70 /* yicaishort.caf */; };
		2C435C2A1E51D0D200FDD1E7 /* RecordImgCollectionCell.swift in Sources */ = {isa = PBXBuildFile; fileRef = 2C435C281E51D0D200FDD1E7 /* RecordImgCollectionCell.swift */; };
		2C435C2B1E51D0D200FDD1E7 /* RecordImgCollectionView.swift in Sources */ = {isa = PBXBuildFile; fileRef = 2C435C291E51D0D200FDD1E7 /* RecordImgCollectionView.swift */; };
		2C435C2F1E52B4B300FDD1E7 /* RecordSoundSliderView.swift in Sources */ = {isa = PBXBuildFile; fileRef = 2C435C2E1E52B4B300FDD1E7 /* RecordSoundSliderView.swift */; };
		2C435C361E54341C00FDD1E7 /* NoGapSlider.swift in Sources */ = {isa = PBXBuildFile; fileRef = 2C435C351E54341C00FDD1E7 /* NoGapSlider.swift */; };
		2C58C0981E56ADEE00310C1C /* CutBarWaveView.swift in Sources */ = {isa = PBXBuildFile; fileRef = 2C58C0971E56ADEE00310C1C /* CutBarWaveView.swift */; };
		2C664D841E5A897100D9F4BA /* TimeInterval+Extension.swift in Sources */ = {isa = PBXBuildFile; fileRef = 2C664D831E5A897100D9F4BA /* TimeInterval+Extension.swift */; };
		2C7818C11DEEA0F4001E3594 /* AppDelegate.swift in Sources */ = {isa = PBXBuildFile; fileRef = 2C7818C01DEEA0F4001E3594 /* AppDelegate.swift */; };
		2C7818C61DEEA0F4001E3594 /* Main.storyboard in Resources */ = {isa = PBXBuildFile; fileRef = 2C7818C41DEEA0F4001E3594 /* Main.storyboard */; };
		2C7818C81DEEA0F4001E3594 /* Assets.xcassets in Resources */ = {isa = PBXBuildFile; fileRef = 2C7818C71DEEA0F4001E3594 /* Assets.xcassets */; };
		2C7818CB1DEEA0F4001E3594 /* LaunchScreen.storyboard in Resources */ = {isa = PBXBuildFile; fileRef = 2C7818C91DEEA0F4001E3594 /* LaunchScreen.storyboard */; };
		2C8574451E488A9500D4119C /* TestViewController.swift in Sources */ = {isa = PBXBuildFile; fileRef = 2C8574441E488A9500D4119C /* TestViewController.swift */; };
		2C94E7FB1E277C7A00D539DC /* ViewController.swift in Sources */ = {isa = PBXBuildFile; fileRef = 2C94E7E41E277C7A00D539DC /* ViewController.swift */; };
		2C94E7FC1E277C7A00D539DC /* DOFavoriteButton.swift in Sources */ = {isa = PBXBuildFile; fileRef = 2C94E7E91E277C7A00D539DC /* DOFavoriteButton.swift */; };
		2C94E7FD1E277C7A00D539DC /* FavoriteBtnViewController.swift in Sources */ = {isa = PBXBuildFile; fileRef = 2C94E7EA1E277C7A00D539DC /* FavoriteBtnViewController.swift */; };
		2C94E8001E277C7A00D539DC /* MBAAudioHelper.swift in Sources */ = {isa = PBXBuildFile; fileRef = 2C94E7EE1E277C7A00D539DC /* MBAAudioHelper.swift */; };
		2C94E8011E277C7A00D539DC /* MBAAudioUtil.swift in Sources */ = {isa = PBXBuildFile; fileRef = 2C94E7EF1E277C7A00D539DC /* MBAAudioUtil.swift */; };
		2C94E8021E277C7A00D539DC /* MBACache.swift in Sources */ = {isa = PBXBuildFile; fileRef = 2C94E7F01E277C7A00D539DC /* MBACache.swift */; };
		2C94E8031E277C7A00D539DC /* MBAPlayerHelper.swift in Sources */ = {isa = PBXBuildFile; fileRef = 2C94E7F11E277C7A00D539DC /* MBAPlayerHelper.swift */; };
		2C94E8041E277C7A00D539DC /* TimeTool.swift in Sources */ = {isa = PBXBuildFile; fileRef = 2C94E7F21E277C7A00D539DC /* TimeTool.swift */; };
		2C94E8051E277C7A00D539DC /* Lame2mp3Tool.m in Sources */ = {isa = PBXBuildFile; fileRef = 2C94E7F71E277C7A00D539DC /* Lame2mp3Tool.m */; };
		2C94E8061E277C7A00D539DC /* libmp3lame.a in Frameworks */ = {isa = PBXBuildFile; fileRef = 2C94E7F81E277C7A00D539DC /* libmp3lame.a */; };
		2C94E80F1E28AC2700D539DC /* 节奏1.caf in Resources */ = {isa = PBXBuildFile; fileRef = 2C94E80D1E28AC2700D539DC /* 节奏1.caf */; };
		2C94E8101E28AC2700D539DC /* 节奏2.caf in Resources */ = {isa = PBXBuildFile; fileRef = 2C94E80E1E28AC2700D539DC /* 节奏2.caf */; };
		2C97D7741E4B13D100FB407F /* BaseSrollView.swift in Sources */ = {isa = PBXBuildFile; fileRef = 2C97D76C1E4B13D100FB407F /* BaseSrollView.swift */; };
		2C97D7751E4B13D100FB407F /* BaseTableView.swift in Sources */ = {isa = PBXBuildFile; fileRef = 2C97D76D1E4B13D100FB407F /* BaseTableView.swift */; };
		2C97D7761E4B13D100FB407F /* RefreshBaseTableView.swift in Sources */ = {isa = PBXBuildFile; fileRef = 2C97D76E1E4B13D100FB407F /* RefreshBaseTableView.swift */; };
		2C97D7771E4B13D100FB407F /* RefreshBaseTableViewCell.swift in Sources */ = {isa = PBXBuildFile; fileRef = 2C97D76F1E4B13D100FB407F /* RefreshBaseTableViewCell.swift */; };
		2C97D7791E4B13D100FB407F /* BaseTableViewController.swift in Sources */ = {isa = PBXBuildFile; fileRef = 2C97D7721E4B13D100FB407F /* BaseTableViewController.swift */; };
		2C97D77A1E4B13D100FB407F /* BaseViewController.swift in Sources */ = {isa = PBXBuildFile; fileRef = 2C97D7731E4B13D100FB407F /* BaseViewController.swift */; };
		2C97D7851E4B158A00FB407F /* IdsModel.swift in Sources */ = {isa = PBXBuildFile; fileRef = 2C97D7841E4B158A00FB407F /* IdsModel.swift */; };
		2C97D7871E4B163500FB407F /* MBAProgressHUD.swift in Sources */ = {isa = PBXBuildFile; fileRef = 2C97D7861E4B163500FB407F /* MBAProgressHUD.swift */; };
		2C97D7891E4B17FC00FB407F /* MBARequest.swift in Sources */ = {isa = PBXBuildFile; fileRef = 2C97D7881E4B17FC00FB407F /* MBARequest.swift */; };
		2C97D78D1E4B23C800FB407F /* AccessTokenModel.swift in Sources */ = {isa = PBXBuildFile; fileRef = 2C97D78C1E4B23C800FB407F /* AccessTokenModel.swift */; };
		2C97D78F1E4B257500FB407F /* KeService.swift in Sources */ = {isa = PBXBuildFile; fileRef = 2C97D78E1E4B257500FB407F /* KeService.swift */; };
		2C97D7911E4B2AC500FB407F /* LoginModel.swift in Sources */ = {isa = PBXBuildFile; fileRef = 2C97D7901E4B2AC500FB407F /* LoginModel.swift */; };
		2C97D79B1E4C1B6A00FB407F /* LoginViewController.swift in Sources */ = {isa = PBXBuildFile; fileRef = 2C97D7991E4C1B6A00FB407F /* LoginViewController.swift */; };
		2C97D79C1E4C1B6A00FB407F /* LoginViewController.xib in Resources */ = {isa = PBXBuildFile; fileRef = 2C97D79A1E4C1B6A00FB407F /* LoginViewController.xib */; };
		2C97D7A21E4C1B9300FB407F /* CutRecordViewController.swift in Sources */ = {isa = PBXBuildFile; fileRef = 2C97D79E1E4C1B9300FB407F /* CutRecordViewController.swift */; };
		2C97D7A31E4C1B9300FB407F /* PlayRecordViewController.swift in Sources */ = {isa = PBXBuildFile; fileRef = 2C97D79F1E4C1B9300FB407F /* PlayRecordViewController.swift */; };
		2C97D7A41E4C1B9300FB407F /* RecordViewController.swift in Sources */ = {isa = PBXBuildFile; fileRef = 2C97D7A01E4C1B9300FB407F /* RecordViewController.swift */; };
		2C97D7A51E4C1B9300FB407F /* SeletceDubViewController.swift in Sources */ = {isa = PBXBuildFile; fileRef = 2C97D7A11E4C1B9300FB407F /* SeletceDubViewController.swift */; };
		2C97D7A81E4C1BBD00FB407F /* MainViewController.swift in Sources */ = {isa = PBXBuildFile; fileRef = 2C97D7A71E4C1BBD00FB407F /* MainViewController.swift */; };
		2C97D7AF1E4C3F3700FB407F /* QSNavigationController.swift in Sources */ = {isa = PBXBuildFile; fileRef = 2C97D7AE1E4C3F3700FB407F /* QSNavigationController.swift */; };
		2C97D7BE1E4C441C00FB407F /* UIBarButtonItem+Extensions.swift in Sources */ = {isa = PBXBuildFile; fileRef = 2C97D7B31E4C441C00FB407F /* UIBarButtonItem+Extensions.swift */; };
		2C97D7BF1E4C441C00FB407F /* UIButton+Extension.swift in Sources */ = {isa = PBXBuildFile; fileRef = 2C97D7B41E4C441C00FB407F /* UIButton+Extension.swift */; };
		2C97D7C01E4C441C00FB407F /* UIColor+Extension.swift in Sources */ = {isa = PBXBuildFile; fileRef = 2C97D7B51E4C441C00FB407F /* UIColor+Extension.swift */; };
		2C97D7C11E4C441C00FB407F /* UIImage+Extension.swift in Sources */ = {isa = PBXBuildFile; fileRef = 2C97D7B61E4C441C00FB407F /* UIImage+Extension.swift */; };
		2C97D7C21E4C441C00FB407F /* UIImageView+Extension.swift in Sources */ = {isa = PBXBuildFile; fileRef = 2C97D7B71E4C441C00FB407F /* UIImageView+Extension.swift */; };
		2C97D7C31E4C441C00FB407F /* UILabel+Extension.swift in Sources */ = {isa = PBXBuildFile; fileRef = 2C97D7B81E4C441C00FB407F /* UILabel+Extension.swift */; };
		2C97D7C41E4C441C00FB407F /* UISearchBar+Extension.swift in Sources */ = {isa = PBXBuildFile; fileRef = 2C97D7B91E4C441C00FB407F /* UISearchBar+Extension.swift */; };
		2C97D7C51E4C441C00FB407F /* UISegmentedControl+Extension.swift in Sources */ = {isa = PBXBuildFile; fileRef = 2C97D7BA1E4C441C00FB407F /* UISegmentedControl+Extension.swift */; };
		2C97D7C61E4C441C00FB407F /* UIView+Extension.swift in Sources */ = {isa = PBXBuildFile; fileRef = 2C97D7BB1E4C441C00FB407F /* UIView+Extension.swift */; };
		2C97D7C81E4C44EF00FB407F /* Date+Extension.swift in Sources */ = {isa = PBXBuildFile; fileRef = 2C97D7C71E4C44EF00FB407F /* Date+Extension.swift */; };
		2C97D7CA1E4C450F00FB407F /* String+Extension.swift in Sources */ = {isa = PBXBuildFile; fileRef = 2C97D7C91E4C450F00FB407F /* String+Extension.swift */; };
		2C97D7CC1E4C4BA500FB407F /* MainTableView.swift in Sources */ = {isa = PBXBuildFile; fileRef = 2C97D7CB1E4C4BA500FB407F /* MainTableView.swift */; };
		2C97D7CF1E4C586900FB407F /* MainTableViewCell.swift in Sources */ = {isa = PBXBuildFile; fileRef = 2C97D7CD1E4C586900FB407F /* MainTableViewCell.swift */; };
		2C97D7D01E4C586900FB407F /* MainTableViewCell.xib in Resources */ = {isa = PBXBuildFile; fileRef = 2C97D7CE1E4C586900FB407F /* MainTableViewCell.xib */; };
		2C97D7D31E4C5E3100FB407F /* CourceMainViewController.swift in Sources */ = {isa = PBXBuildFile; fileRef = 2C97D7D21E4C5E3100FB407F /* CourceMainViewController.swift */; };
		2C97D7D51E4C625700FB407F /* CourceMainTableView.swift in Sources */ = {isa = PBXBuildFile; fileRef = 2C97D7D41E4C625700FB407F /* CourceMainTableView.swift */; };
		2C97D7D71E4C7FEA00FB407F /* CourceHeadTbView.swift in Sources */ = {isa = PBXBuildFile; fileRef = 2C97D7D61E4C7FEA00FB407F /* CourceHeadTbView.swift */; };
		2C97D7DC1E4C810900FB407F /* CourceMainTableViewCell.swift in Sources */ = {isa = PBXBuildFile; fileRef = 2C97D7DA1E4C810900FB407F /* CourceMainTableViewCell.swift */; };
		2C97D7DD1E4C810900FB407F /* CourceMainTableViewCell.xib in Resources */ = {isa = PBXBuildFile; fileRef = 2C97D7DB1E4C810900FB407F /* CourceMainTableViewCell.xib */; };
		2C97D7E51E4D5AE700FB407F /* BaseAPI.swift in Sources */ = {isa = PBXBuildFile; fileRef = 2C97D7E11E4D5AE700FB407F /* BaseAPI.swift */; };
		2C97D7E61E4D5AE700FB407F /* ColorCommon.swift in Sources */ = {isa = PBXBuildFile; fileRef = 2C97D7E21E4D5AE700FB407F /* ColorCommon.swift */; };
		2C97D7E71E4D5AE700FB407F /* QSCommon.swift in Sources */ = {isa = PBXBuildFile; fileRef = 2C97D7E31E4D5AE700FB407F /* QSCommon.swift */; };
		2C97D7E91E4D5B0700FB407F /* BorderBackgroundView.swift in Sources */ = {isa = PBXBuildFile; fileRef = 2C97D7E81E4D5B0700FB407F /* BorderBackgroundView.swift */; };
		2C97D7EB1E4D5B4D00FB407F /* BorderTextView.swift in Sources */ = {isa = PBXBuildFile; fileRef = 2C97D7EA1E4D5B4D00FB407F /* BorderTextView.swift */; };
		2C97D7ED1E4D612800FB407F /* CreatCourceViewController.swift in Sources */ = {isa = PBXBuildFile; fileRef = 2C97D7EC1E4D612800FB407F /* CreatCourceViewController.swift */; };
		2C97D7F11E4D71B000FB407F /* VerticalButton.swift in Sources */ = {isa = PBXBuildFile; fileRef = 2C97D7F01E4D71B000FB407F /* VerticalButton.swift */; };
		2C97D7F31E4DB60800FB407F /* CourceHeadTbView.xib in Resources */ = {isa = PBXBuildFile; fileRef = 2C97D7F21E4DB60800FB407F /* CourceHeadTbView.xib */; };
		2C97D7F51E50288700FB407F /* AvatorView.swift in Sources */ = {isa = PBXBuildFile; fileRef = 2C97D7F41E50288700FB407F /* AvatorView.swift */; };
		2C97D7F71E502B3F00FB407F /* SettingViewController.swift in Sources */ = {isa = PBXBuildFile; fileRef = 2C97D7F61E502B3F00FB407F /* SettingViewController.swift */; };
		2C97D7FA1E513F7000FB407F /* DubPlayView.swift in Sources */ = {isa = PBXBuildFile; fileRef = 2C97D7F81E513F7000FB407F /* DubPlayView.swift */; };
		2C97D7FD1E51427700FB407F /* DubPlayView.xib in Resources */ = {isa = PBXBuildFile; fileRef = 2C97D7FC1E51427700FB407F /* DubPlayView.xib */; };
		2CF7913B1E35A2300085932C /* SampleDataFilter.swift in Sources */ = {isa = PBXBuildFile; fileRef = 2CF791381E35A2300085932C /* SampleDataFilter.swift */; };
		2CF7913C1E35A2300085932C /* SampleDataProvider.swift in Sources */ = {isa = PBXBuildFile; fileRef = 2CF791391E35A2300085932C /* SampleDataProvider.swift */; };
		2CF7913D1E35A2300085932C /* WaveformView.swift in Sources */ = {isa = PBXBuildFile; fileRef = 2CF7913A1E35A2300085932C /* WaveformView.swift */; };
		2CF791431E3610D80085932C /* Switch.swift in Sources */ = {isa = PBXBuildFile; fileRef = 2CF791421E3610D80085932C /* Switch.swift */; };
		2CFA62CC1E5198F700583622 /* CALayer+Extension.swift in Sources */ = {isa = PBXBuildFile; fileRef = 2CFA62CB1E5198F700583622 /* CALayer+Extension.swift */; };
		47E9246E1E59E3FC00A4C325 /* PlayBarWaveView.swift in Sources */ = {isa = PBXBuildFile; fileRef = 47E9246D1E59E3FC00A4C325 /* PlayBarWaveView.swift */; };
		993532958BBE045BD82BCE1D /* Pods_FMDemo.framework in Frameworks */ = {isa = PBXBuildFile; fileRef = CA4E378304C0A729E333B5DE /* Pods_FMDemo.framework */; };
/* End PBXBuildFile section */

/* Begin PBXFileReference section */
		2C0239A81E4AF95200CD6008 /* WechatKit.framework */ = {isa = PBXFileReference; lastKnownFileType = wrapper.framework; name = WechatKit.framework; path = "../../../Library/Developer/Xcode/DerivedData/FMDemo-bdpyshxpnqfwlxcogyqvkscidlck/Build/Products/Debug-iphonesimulator/WechatKit/WechatKit.framework"; sourceTree = "<group>"; };
		2C0239B41E4B02EF00CD6008 /* MBAToast.swift */ = {isa = PBXFileReference; fileEncoding = 4; lastKnownFileType = sourcecode.swift; path = MBAToast.swift; sourceTree = "<group>"; };
		2C0239B71E4B06FC00CD6008 /* BaseModel.swift */ = {isa = PBXFileReference; fileEncoding = 4; lastKnownFileType = sourcecode.swift; path = BaseModel.swift; sourceTree = "<group>"; };
		2C3A59781E319CBC00EBAD70 /* luyingshort.caf */ = {isa = PBXFileReference; lastKnownFileType = file; path = luyingshort.caf; sourceTree = "<group>"; };
		2C3A59791E319CBC00EBAD70 /* yicailong.caf */ = {isa = PBXFileReference; lastKnownFileType = file; path = yicailong.caf; sourceTree = "<group>"; };
		2C3A597A1E319CBC00EBAD70 /* yicaishort.caf */ = {isa = PBXFileReference; lastKnownFileType = file; path = yicaishort.caf; sourceTree = "<group>"; };
		2C435C281E51D0D200FDD1E7 /* RecordImgCollectionCell.swift */ = {isa = PBXFileReference; fileEncoding = 4; lastKnownFileType = sourcecode.swift; path = RecordImgCollectionCell.swift; sourceTree = "<group>"; };
		2C435C291E51D0D200FDD1E7 /* RecordImgCollectionView.swift */ = {isa = PBXFileReference; fileEncoding = 4; lastKnownFileType = sourcecode.swift; path = RecordImgCollectionView.swift; sourceTree = "<group>"; };
		2C435C2E1E52B4B300FDD1E7 /* RecordSoundSliderView.swift */ = {isa = PBXFileReference; fileEncoding = 4; lastKnownFileType = sourcecode.swift; path = RecordSoundSliderView.swift; sourceTree = "<group>"; };
		2C435C351E54341C00FDD1E7 /* NoGapSlider.swift */ = {isa = PBXFileReference; fileEncoding = 4; lastKnownFileType = sourcecode.swift; path = NoGapSlider.swift; sourceTree = "<group>"; };
		2C4CEA781E1DE6D000D0508C /* FMDemo-Bridging-Header.h */ = {isa = PBXFileReference; lastKnownFileType = sourcecode.c.h; path = "FMDemo-Bridging-Header.h"; sourceTree = "<group>"; };
		2C58C0971E56ADEE00310C1C /* CutBarWaveView.swift */ = {isa = PBXFileReference; fileEncoding = 4; lastKnownFileType = sourcecode.swift; path = CutBarWaveView.swift; sourceTree = "<group>"; };
		2C664D831E5A897100D9F4BA /* TimeInterval+Extension.swift */ = {isa = PBXFileReference; fileEncoding = 4; lastKnownFileType = sourcecode.swift; path = "TimeInterval+Extension.swift"; sourceTree = "<group>"; };
		2C7818BD1DEEA0F4001E3594 /* FMDemo.app */ = {isa = PBXFileReference; explicitFileType = wrapper.application; includeInIndex = 0; path = FMDemo.app; sourceTree = BUILT_PRODUCTS_DIR; };
		2C7818C01DEEA0F4001E3594 /* AppDelegate.swift */ = {isa = PBXFileReference; lastKnownFileType = sourcecode.swift; path = AppDelegate.swift; sourceTree = "<group>"; };
		2C7818C51DEEA0F4001E3594 /* Base */ = {isa = PBXFileReference; lastKnownFileType = file.storyboard; name = Base; path = Base.lproj/Main.storyboard; sourceTree = "<group>"; };
		2C7818C71DEEA0F4001E3594 /* Assets.xcassets */ = {isa = PBXFileReference; lastKnownFileType = folder.assetcatalog; path = Assets.xcassets; sourceTree = "<group>"; };
		2C7818CA1DEEA0F4001E3594 /* Base */ = {isa = PBXFileReference; lastKnownFileType = file.storyboard; name = Base; path = Base.lproj/LaunchScreen.storyboard; sourceTree = "<group>"; };
		2C7818CC1DEEA0F4001E3594 /* Info.plist */ = {isa = PBXFileReference; lastKnownFileType = text.plist.xml; path = Info.plist; sourceTree = "<group>"; };
		2C8574441E488A9500D4119C /* TestViewController.swift */ = {isa = PBXFileReference; fileEncoding = 4; lastKnownFileType = sourcecode.swift; path = TestViewController.swift; sourceTree = "<group>"; };
		2C94E7E41E277C7A00D539DC /* ViewController.swift */ = {isa = PBXFileReference; fileEncoding = 4; lastKnownFileType = sourcecode.swift; path = ViewController.swift; sourceTree = "<group>"; };
		2C94E7E91E277C7A00D539DC /* DOFavoriteButton.swift */ = {isa = PBXFileReference; fileEncoding = 4; lastKnownFileType = sourcecode.swift; path = DOFavoriteButton.swift; sourceTree = "<group>"; };
		2C94E7EA1E277C7A00D539DC /* FavoriteBtnViewController.swift */ = {isa = PBXFileReference; fileEncoding = 4; lastKnownFileType = sourcecode.swift; path = FavoriteBtnViewController.swift; sourceTree = "<group>"; };
		2C94E7EE1E277C7A00D539DC /* MBAAudioHelper.swift */ = {isa = PBXFileReference; fileEncoding = 4; lastKnownFileType = sourcecode.swift; path = MBAAudioHelper.swift; sourceTree = "<group>"; };
		2C94E7EF1E277C7A00D539DC /* MBAAudioUtil.swift */ = {isa = PBXFileReference; fileEncoding = 4; lastKnownFileType = sourcecode.swift; path = MBAAudioUtil.swift; sourceTree = "<group>"; };
		2C94E7F01E277C7A00D539DC /* MBACache.swift */ = {isa = PBXFileReference; fileEncoding = 4; lastKnownFileType = sourcecode.swift; path = MBACache.swift; sourceTree = "<group>"; };
		2C94E7F11E277C7A00D539DC /* MBAPlayerHelper.swift */ = {isa = PBXFileReference; fileEncoding = 4; lastKnownFileType = sourcecode.swift; path = MBAPlayerHelper.swift; sourceTree = "<group>"; };
		2C94E7F21E277C7A00D539DC /* TimeTool.swift */ = {isa = PBXFileReference; fileEncoding = 4; lastKnownFileType = sourcecode.swift; path = TimeTool.swift; sourceTree = "<group>"; };
		2C94E7F51E277C7A00D539DC /* lame.h */ = {isa = PBXFileReference; fileEncoding = 4; lastKnownFileType = sourcecode.c.h; path = lame.h; sourceTree = "<group>"; };
		2C94E7F61E277C7A00D539DC /* Lame2mp3Tool.h */ = {isa = PBXFileReference; fileEncoding = 4; lastKnownFileType = sourcecode.c.h; path = Lame2mp3Tool.h; sourceTree = "<group>"; };
		2C94E7F71E277C7A00D539DC /* Lame2mp3Tool.m */ = {isa = PBXFileReference; fileEncoding = 4; lastKnownFileType = sourcecode.c.objc; path = Lame2mp3Tool.m; sourceTree = "<group>"; };
		2C94E7F81E277C7A00D539DC /* libmp3lame.a */ = {isa = PBXFileReference; lastKnownFileType = archive.ar; path = libmp3lame.a; sourceTree = "<group>"; };
		2C94E80D1E28AC2700D539DC /* 节奏1.caf */ = {isa = PBXFileReference; lastKnownFileType = file; path = "节奏1.caf"; sourceTree = "<group>"; };
		2C94E80E1E28AC2700D539DC /* 节奏2.caf */ = {isa = PBXFileReference; lastKnownFileType = file; path = "节奏2.caf"; sourceTree = "<group>"; };
		2C97D76C1E4B13D100FB407F /* BaseSrollView.swift */ = {isa = PBXFileReference; fileEncoding = 4; lastKnownFileType = sourcecode.swift; path = BaseSrollView.swift; sourceTree = "<group>"; };
		2C97D76D1E4B13D100FB407F /* BaseTableView.swift */ = {isa = PBXFileReference; fileEncoding = 4; lastKnownFileType = sourcecode.swift; path = BaseTableView.swift; sourceTree = "<group>"; };
		2C97D76E1E4B13D100FB407F /* RefreshBaseTableView.swift */ = {isa = PBXFileReference; fileEncoding = 4; lastKnownFileType = sourcecode.swift; path = RefreshBaseTableView.swift; sourceTree = "<group>"; };
		2C97D76F1E4B13D100FB407F /* RefreshBaseTableViewCell.swift */ = {isa = PBXFileReference; fileEncoding = 4; lastKnownFileType = sourcecode.swift; path = RefreshBaseTableViewCell.swift; sourceTree = "<group>"; };
		2C97D7721E4B13D100FB407F /* BaseTableViewController.swift */ = {isa = PBXFileReference; fileEncoding = 4; lastKnownFileType = sourcecode.swift; path = BaseTableViewController.swift; sourceTree = "<group>"; };
		2C97D7731E4B13D100FB407F /* BaseViewController.swift */ = {isa = PBXFileReference; fileEncoding = 4; lastKnownFileType = sourcecode.swift; path = BaseViewController.swift; sourceTree = "<group>"; };
		2C97D7841E4B158A00FB407F /* IdsModel.swift */ = {isa = PBXFileReference; fileEncoding = 4; lastKnownFileType = sourcecode.swift; path = IdsModel.swift; sourceTree = "<group>"; };
		2C97D7861E4B163500FB407F /* MBAProgressHUD.swift */ = {isa = PBXFileReference; fileEncoding = 4; lastKnownFileType = sourcecode.swift; path = MBAProgressHUD.swift; sourceTree = "<group>"; };
		2C97D7881E4B17FC00FB407F /* MBARequest.swift */ = {isa = PBXFileReference; fileEncoding = 4; lastKnownFileType = sourcecode.swift; path = MBARequest.swift; sourceTree = "<group>"; };
		2C97D78C1E4B23C800FB407F /* AccessTokenModel.swift */ = {isa = PBXFileReference; fileEncoding = 4; lastKnownFileType = sourcecode.swift; path = AccessTokenModel.swift; sourceTree = "<group>"; };
		2C97D78E1E4B257500FB407F /* KeService.swift */ = {isa = PBXFileReference; fileEncoding = 4; lastKnownFileType = sourcecode.swift; path = KeService.swift; sourceTree = "<group>"; };
		2C97D7901E4B2AC500FB407F /* LoginModel.swift */ = {isa = PBXFileReference; fileEncoding = 4; lastKnownFileType = sourcecode.swift; path = LoginModel.swift; sourceTree = "<group>"; };
		2C97D7991E4C1B6A00FB407F /* LoginViewController.swift */ = {isa = PBXFileReference; fileEncoding = 4; lastKnownFileType = sourcecode.swift; path = LoginViewController.swift; sourceTree = "<group>"; };
		2C97D79A1E4C1B6A00FB407F /* LoginViewController.xib */ = {isa = PBXFileReference; fileEncoding = 4; lastKnownFileType = file.xib; path = LoginViewController.xib; sourceTree = "<group>"; };
		2C97D79E1E4C1B9300FB407F /* CutRecordViewController.swift */ = {isa = PBXFileReference; fileEncoding = 4; lastKnownFileType = sourcecode.swift; path = CutRecordViewController.swift; sourceTree = "<group>"; };
		2C97D79F1E4C1B9300FB407F /* PlayRecordViewController.swift */ = {isa = PBXFileReference; fileEncoding = 4; lastKnownFileType = sourcecode.swift; path = PlayRecordViewController.swift; sourceTree = "<group>"; };
		2C97D7A01E4C1B9300FB407F /* RecordViewController.swift */ = {isa = PBXFileReference; fileEncoding = 4; lastKnownFileType = sourcecode.swift; path = RecordViewController.swift; sourceTree = "<group>"; };
		2C97D7A11E4C1B9300FB407F /* SeletceDubViewController.swift */ = {isa = PBXFileReference; fileEncoding = 4; lastKnownFileType = sourcecode.swift; path = SeletceDubViewController.swift; sourceTree = "<group>"; };
		2C97D7A71E4C1BBD00FB407F /* MainViewController.swift */ = {isa = PBXFileReference; fileEncoding = 4; lastKnownFileType = sourcecode.swift; path = MainViewController.swift; sourceTree = "<group>"; };
		2C97D7AE1E4C3F3700FB407F /* QSNavigationController.swift */ = {isa = PBXFileReference; fileEncoding = 4; lastKnownFileType = sourcecode.swift; path = QSNavigationController.swift; sourceTree = "<group>"; };
		2C97D7B31E4C441C00FB407F /* UIBarButtonItem+Extensions.swift */ = {isa = PBXFileReference; fileEncoding = 4; lastKnownFileType = sourcecode.swift; path = "UIBarButtonItem+Extensions.swift"; sourceTree = "<group>"; };
		2C97D7B41E4C441C00FB407F /* UIButton+Extension.swift */ = {isa = PBXFileReference; fileEncoding = 4; lastKnownFileType = sourcecode.swift; path = "UIButton+Extension.swift"; sourceTree = "<group>"; };
		2C97D7B51E4C441C00FB407F /* UIColor+Extension.swift */ = {isa = PBXFileReference; fileEncoding = 4; lastKnownFileType = sourcecode.swift; path = "UIColor+Extension.swift"; sourceTree = "<group>"; };
		2C97D7B61E4C441C00FB407F /* UIImage+Extension.swift */ = {isa = PBXFileReference; fileEncoding = 4; lastKnownFileType = sourcecode.swift; path = "UIImage+Extension.swift"; sourceTree = "<group>"; };
		2C97D7B71E4C441C00FB407F /* UIImageView+Extension.swift */ = {isa = PBXFileReference; fileEncoding = 4; lastKnownFileType = sourcecode.swift; path = "UIImageView+Extension.swift"; sourceTree = "<group>"; };
		2C97D7B81E4C441C00FB407F /* UILabel+Extension.swift */ = {isa = PBXFileReference; fileEncoding = 4; lastKnownFileType = sourcecode.swift; path = "UILabel+Extension.swift"; sourceTree = "<group>"; };
		2C97D7B91E4C441C00FB407F /* UISearchBar+Extension.swift */ = {isa = PBXFileReference; fileEncoding = 4; lastKnownFileType = sourcecode.swift; path = "UISearchBar+Extension.swift"; sourceTree = "<group>"; };
		2C97D7BA1E4C441C00FB407F /* UISegmentedControl+Extension.swift */ = {isa = PBXFileReference; fileEncoding = 4; lastKnownFileType = sourcecode.swift; path = "UISegmentedControl+Extension.swift"; sourceTree = "<group>"; };
		2C97D7BB1E4C441C00FB407F /* UIView+Extension.swift */ = {isa = PBXFileReference; fileEncoding = 4; lastKnownFileType = sourcecode.swift; path = "UIView+Extension.swift"; sourceTree = "<group>"; };
		2C97D7C71E4C44EF00FB407F /* Date+Extension.swift */ = {isa = PBXFileReference; fileEncoding = 4; lastKnownFileType = sourcecode.swift; path = "Date+Extension.swift"; sourceTree = "<group>"; };
		2C97D7C91E4C450F00FB407F /* String+Extension.swift */ = {isa = PBXFileReference; fileEncoding = 4; lastKnownFileType = sourcecode.swift; path = "String+Extension.swift"; sourceTree = "<group>"; };
		2C97D7CB1E4C4BA500FB407F /* MainTableView.swift */ = {isa = PBXFileReference; fileEncoding = 4; lastKnownFileType = sourcecode.swift; path = MainTableView.swift; sourceTree = "<group>"; };
		2C97D7CD1E4C586900FB407F /* MainTableViewCell.swift */ = {isa = PBXFileReference; fileEncoding = 4; lastKnownFileType = sourcecode.swift; path = MainTableViewCell.swift; sourceTree = "<group>"; };
		2C97D7CE1E4C586900FB407F /* MainTableViewCell.xib */ = {isa = PBXFileReference; fileEncoding = 4; lastKnownFileType = file.xib; path = MainTableViewCell.xib; sourceTree = "<group>"; };
		2C97D7D21E4C5E3100FB407F /* CourceMainViewController.swift */ = {isa = PBXFileReference; fileEncoding = 4; lastKnownFileType = sourcecode.swift; path = CourceMainViewController.swift; sourceTree = "<group>"; };
		2C97D7D41E4C625700FB407F /* CourceMainTableView.swift */ = {isa = PBXFileReference; fileEncoding = 4; lastKnownFileType = sourcecode.swift; path = CourceMainTableView.swift; sourceTree = "<group>"; };
		2C97D7D61E4C7FEA00FB407F /* CourceHeadTbView.swift */ = {isa = PBXFileReference; fileEncoding = 4; lastKnownFileType = sourcecode.swift; path = CourceHeadTbView.swift; sourceTree = "<group>"; };
		2C97D7DA1E4C810900FB407F /* CourceMainTableViewCell.swift */ = {isa = PBXFileReference; fileEncoding = 4; lastKnownFileType = sourcecode.swift; path = CourceMainTableViewCell.swift; sourceTree = "<group>"; };
		2C97D7DB1E4C810900FB407F /* CourceMainTableViewCell.xib */ = {isa = PBXFileReference; fileEncoding = 4; lastKnownFileType = file.xib; path = CourceMainTableViewCell.xib; sourceTree = "<group>"; };
		2C97D7E11E4D5AE700FB407F /* BaseAPI.swift */ = {isa = PBXFileReference; fileEncoding = 4; lastKnownFileType = sourcecode.swift; path = BaseAPI.swift; sourceTree = "<group>"; };
		2C97D7E21E4D5AE700FB407F /* ColorCommon.swift */ = {isa = PBXFileReference; fileEncoding = 4; lastKnownFileType = sourcecode.swift; path = ColorCommon.swift; sourceTree = "<group>"; };
		2C97D7E31E4D5AE700FB407F /* QSCommon.swift */ = {isa = PBXFileReference; fileEncoding = 4; lastKnownFileType = sourcecode.swift; path = QSCommon.swift; sourceTree = "<group>"; };
		2C97D7E81E4D5B0700FB407F /* BorderBackgroundView.swift */ = {isa = PBXFileReference; fileEncoding = 4; lastKnownFileType = sourcecode.swift; path = BorderBackgroundView.swift; sourceTree = "<group>"; };
		2C97D7EA1E4D5B4D00FB407F /* BorderTextView.swift */ = {isa = PBXFileReference; fileEncoding = 4; lastKnownFileType = sourcecode.swift; path = BorderTextView.swift; sourceTree = "<group>"; };
		2C97D7EC1E4D612800FB407F /* CreatCourceViewController.swift */ = {isa = PBXFileReference; fileEncoding = 4; lastKnownFileType = sourcecode.swift; path = CreatCourceViewController.swift; sourceTree = "<group>"; };
		2C97D7F01E4D71B000FB407F /* VerticalButton.swift */ = {isa = PBXFileReference; fileEncoding = 4; lastKnownFileType = sourcecode.swift; path = VerticalButton.swift; sourceTree = "<group>"; };
		2C97D7F21E4DB60800FB407F /* CourceHeadTbView.xib */ = {isa = PBXFileReference; fileEncoding = 4; lastKnownFileType = file.xib; path = CourceHeadTbView.xib; sourceTree = "<group>"; };
		2C97D7F41E50288700FB407F /* AvatorView.swift */ = {isa = PBXFileReference; fileEncoding = 4; lastKnownFileType = sourcecode.swift; path = AvatorView.swift; sourceTree = "<group>"; };
		2C97D7F61E502B3F00FB407F /* SettingViewController.swift */ = {isa = PBXFileReference; fileEncoding = 4; lastKnownFileType = sourcecode.swift; path = SettingViewController.swift; sourceTree = "<group>"; };
		2C97D7F81E513F7000FB407F /* DubPlayView.swift */ = {isa = PBXFileReference; fileEncoding = 4; lastKnownFileType = sourcecode.swift; path = DubPlayView.swift; sourceTree = "<group>"; };
		2C97D7FC1E51427700FB407F /* DubPlayView.xib */ = {isa = PBXFileReference; fileEncoding = 4; lastKnownFileType = file.xib; path = DubPlayView.xib; sourceTree = "<group>"; };
		2CF791381E35A2300085932C /* SampleDataFilter.swift */ = {isa = PBXFileReference; fileEncoding = 4; lastKnownFileType = sourcecode.swift; path = SampleDataFilter.swift; sourceTree = "<group>"; };
		2CF791391E35A2300085932C /* SampleDataProvider.swift */ = {isa = PBXFileReference; fileEncoding = 4; lastKnownFileType = sourcecode.swift; path = SampleDataProvider.swift; sourceTree = "<group>"; };
		2CF7913A1E35A2300085932C /* WaveformView.swift */ = {isa = PBXFileReference; fileEncoding = 4; lastKnownFileType = sourcecode.swift; path = WaveformView.swift; sourceTree = "<group>"; };
		2CF791421E3610D80085932C /* Switch.swift */ = {isa = PBXFileReference; fileEncoding = 4; lastKnownFileType = sourcecode.swift; path = Switch.swift; sourceTree = "<group>"; };
		2CFA62CB1E5198F700583622 /* CALayer+Extension.swift */ = {isa = PBXFileReference; fileEncoding = 4; lastKnownFileType = sourcecode.swift; path = "CALayer+Extension.swift"; sourceTree = "<group>"; };
		47E9246D1E59E3FC00A4C325 /* PlayBarWaveView.swift */ = {isa = PBXFileReference; fileEncoding = 4; lastKnownFileType = sourcecode.swift; path = PlayBarWaveView.swift; sourceTree = "<group>"; };
		8AF07FFC73EC8A0F3B362031 /* Pods-FMDemo.release.xcconfig */ = {isa = PBXFileReference; includeInIndex = 1; lastKnownFileType = text.xcconfig; name = "Pods-FMDemo.release.xcconfig"; path = "Pods/Target Support Files/Pods-FMDemo/Pods-FMDemo.release.xcconfig"; sourceTree = "<group>"; };
		B6E0B4A622EF8A5FB833D4A3 /* Pods-FMDemo.debug.xcconfig */ = {isa = PBXFileReference; includeInIndex = 1; lastKnownFileType = text.xcconfig; name = "Pods-FMDemo.debug.xcconfig"; path = "Pods/Target Support Files/Pods-FMDemo/Pods-FMDemo.debug.xcconfig"; sourceTree = "<group>"; };
		CA4E378304C0A729E333B5DE /* Pods_FMDemo.framework */ = {isa = PBXFileReference; explicitFileType = wrapper.framework; includeInIndex = 0; path = Pods_FMDemo.framework; sourceTree = BUILT_PRODUCTS_DIR; };
/* End PBXFileReference section */

/* Begin PBXFrameworksBuildPhase section */
		2C7818BA1DEEA0F4001E3594 /* Frameworks */ = {
			isa = PBXFrameworksBuildPhase;
			buildActionMask = 2147483647;
			files = (
				2C94E8061E277C7A00D539DC /* libmp3lame.a in Frameworks */,
				993532958BBE045BD82BCE1D /* Pods_FMDemo.framework in Frameworks */,
			);
			runOnlyForDeploymentPostprocessing = 0;
		};
/* End PBXFrameworksBuildPhase section */

/* Begin PBXGroup section */
		1EC779B8C8D1617EF05BDB99 /* Frameworks */ = {
			isa = PBXGroup;
			children = (
				2C0239A81E4AF95200CD6008 /* WechatKit.framework */,
				CA4E378304C0A729E333B5DE /* Pods_FMDemo.framework */,
			);
			name = Frameworks;
			sourceTree = "<group>";
		};
		2C0239B61E4B06FC00CD6008 /* Base */ = {
			isa = PBXGroup;
			children = (
				2C0239B71E4B06FC00CD6008 /* BaseModel.swift */,
				2C97D76B1E4B13D100FB407F /* View */,
				2C97D7701E4B13D100FB407F /* ViewControl */,
			);
			path = Base;
			sourceTree = "<group>";
		};
		2C435C341E5301DA00FDD1E7 /* RecordCource */ = {
			isa = PBXGroup;
			children = (
				2C97D7A01E4C1B9300FB407F /* RecordViewController.swift */,
				2C435C291E51D0D200FDD1E7 /* RecordImgCollectionView.swift */,
				2C435C281E51D0D200FDD1E7 /* RecordImgCollectionCell.swift */,
				2C435C2E1E52B4B300FDD1E7 /* RecordSoundSliderView.swift */,
				2C97D7F81E513F7000FB407F /* DubPlayView.swift */,
				2C97D7FC1E51427700FB407F /* DubPlayView.xib */,
			);
			name = RecordCource;
			sourceTree = "<group>";
		};
		2C7818B41DEEA0F4001E3594 = {
			isa = PBXGroup;
			children = (
				2C7818BF1DEEA0F4001E3594 /* FMDemo */,
				2C7818BE1DEEA0F4001E3594 /* Products */,
				7D37E0E8D98BB1E8241D057E /* Pods */,
				1EC779B8C8D1617EF05BDB99 /* Frameworks */,
			);
			sourceTree = "<group>";
		};
		2C7818BE1DEEA0F4001E3594 /* Products */ = {
			isa = PBXGroup;
			children = (
				2C7818BD1DEEA0F4001E3594 /* FMDemo.app */,
			);
			name = Products;
			sourceTree = "<group>";
		};
		2C7818BF1DEEA0F4001E3594 /* FMDemo */ = {
			isa = PBXGroup;
			children = (
				2C94E7DC1E277C7A00D539DC /* Classes */,
				2C7818C01DEEA0F4001E3594 /* AppDelegate.swift */,
				2C7818C41DEEA0F4001E3594 /* Main.storyboard */,
				2C7818C71DEEA0F4001E3594 /* Assets.xcassets */,
				2C7818C91DEEA0F4001E3594 /* LaunchScreen.storyboard */,
				2C7818CC1DEEA0F4001E3594 /* Info.plist */,
				2C4CEA781E1DE6D000D0508C /* FMDemo-Bridging-Header.h */,
			);
			path = FMDemo;
			sourceTree = "<group>";
		};
		2C8574431E488A8B00D4119C /* Test */ = {
			isa = PBXGroup;
			children = (
				2C8574441E488A9500D4119C /* TestViewController.swift */,
			);
			path = Test;
			sourceTree = "<group>";
		};
		2C94E7DC1E277C7A00D539DC /* Classes */ = {
			isa = PBXGroup;
			children = (
				2C97D7E01E4D5AE700FB407F /* Common */,
				2C97D7831E4B157800FB407F /* Model */,
				2C8574431E488A8B00D4119C /* Test */,
				2C94E80C1E28AC2700D539DC /* Asset */,
				2C94E7DE1E277C7A00D539DC /* Module */,
				2C94E7E51E277C7A00D539DC /* Service */,
				2C94E7E61E277C7A00D539DC /* Utils */,
				2C94E7F31E277C7A00D539DC /* Vender */,
			);
			path = Classes;
			sourceTree = "<group>";
		};
		2C94E7DE1E277C7A00D539DC /* Module */ = {
			isa = PBXGroup;
			children = (
				2C0239B61E4B06FC00CD6008 /* Base */,
				2C97D7D11E4C5E1900FB407F /* Course */,
				2C97D7A61E4C1B9A00FB407F /* Main */,
				2C97D79D1E4C1B9300FB407F /* Record */,
				2C97D7981E4C1B6A00FB407F /* Login */,
				2C94E7E41E277C7A00D539DC /* ViewController.swift */,
			);
			path = Module;
			sourceTree = "<group>";
		};
		2C94E7E51E277C7A00D539DC /* Service */ = {
			isa = PBXGroup;
			children = (
				2C97D78E1E4B257500FB407F /* KeService.swift */,
			);
			path = Service;
			sourceTree = "<group>";
		};
		2C94E7E61E277C7A00D539DC /* Utils */ = {
			isa = PBXGroup;
			children = (
				2C97D7B01E4C441C00FB407F /* Extension */,
				2C94E7E71E277C7A00D539DC /* CommentView */,
				2C94E7EE1E277C7A00D539DC /* MBAAudioHelper.swift */,
				2C94E7EF1E277C7A00D539DC /* MBAAudioUtil.swift */,
				2C97D7881E4B17FC00FB407F /* MBARequest.swift */,
				2C94E7F01E277C7A00D539DC /* MBACache.swift */,
				2C94E7F11E277C7A00D539DC /* MBAPlayerHelper.swift */,
				2C94E7F21E277C7A00D539DC /* TimeTool.swift */,
				2C97D7861E4B163500FB407F /* MBAProgressHUD.swift */,
				2C0239B41E4B02EF00CD6008 /* MBAToast.swift */,
			);
			path = Utils;
			sourceTree = "<group>";
		};
		2C94E7E71E277C7A00D539DC /* CommentView */ = {
			isa = PBXGroup;
			children = (
				2CF791421E3610D80085932C /* Switch.swift */,
				2CF791371E35A2300085932C /* MBAWaveformView */,
				2C94E7E81E277C7A00D539DC /* FavoriteButton */,
			);
			path = CommentView;
			sourceTree = "<group>";
		};
		2C94E7E81E277C7A00D539DC /* FavoriteButton */ = {
			isa = PBXGroup;
			children = (
				2C94E7E91E277C7A00D539DC /* DOFavoriteButton.swift */,
				2C94E7EA1E277C7A00D539DC /* FavoriteBtnViewController.swift */,
			);
			path = FavoriteButton;
			sourceTree = "<group>";
		};
		2C94E7F31E277C7A00D539DC /* Vender */ = {
			isa = PBXGroup;
			children = (
				2C94E7F41E277C7A00D539DC /* lame */,
			);
			path = Vender;
			sourceTree = "<group>";
		};
		2C94E7F41E277C7A00D539DC /* lame */ = {
			isa = PBXGroup;
			children = (
				2C94E7F51E277C7A00D539DC /* lame.h */,
				2C94E7F61E277C7A00D539DC /* Lame2mp3Tool.h */,
				2C94E7F71E277C7A00D539DC /* Lame2mp3Tool.m */,
				2C94E7F81E277C7A00D539DC /* libmp3lame.a */,
			);
			path = lame;
			sourceTree = "<group>";
		};
		2C94E80C1E28AC2700D539DC /* Asset */ = {
			isa = PBXGroup;
			children = (
				2C3A59781E319CBC00EBAD70 /* luyingshort.caf */,
				2C3A59791E319CBC00EBAD70 /* yicailong.caf */,
				2C3A597A1E319CBC00EBAD70 /* yicaishort.caf */,
				2C94E80D1E28AC2700D539DC /* 节奏1.caf */,
				2C94E80E1E28AC2700D539DC /* 节奏2.caf */,
			);
			path = Asset;
			sourceTree = "<group>";
		};
		2C97D76B1E4B13D100FB407F /* View */ = {
			isa = PBXGroup;
			children = (
				2C97D76C1E4B13D100FB407F /* BaseSrollView.swift */,
				2C97D76D1E4B13D100FB407F /* BaseTableView.swift */,
				2C97D76E1E4B13D100FB407F /* RefreshBaseTableView.swift */,
				2C97D76F1E4B13D100FB407F /* RefreshBaseTableViewCell.swift */,
			);
			path = View;
			sourceTree = "<group>";
		};
		2C97D7701E4B13D100FB407F /* ViewControl */ = {
			isa = PBXGroup;
			children = (
				2C97D7721E4B13D100FB407F /* BaseTableViewController.swift */,
				2C97D7731E4B13D100FB407F /* BaseViewController.swift */,
			);
			path = ViewControl;
			sourceTree = "<group>";
		};
		2C97D7831E4B157800FB407F /* Model */ = {
			isa = PBXGroup;
			children = (
				2C97D78C1E4B23C800FB407F /* AccessTokenModel.swift */,
				2C97D7901E4B2AC500FB407F /* LoginModel.swift */,
				2C97D7841E4B158A00FB407F /* IdsModel.swift */,
			);
			path = Model;
			sourceTree = "<group>";
		};
		2C97D7981E4C1B6A00FB407F /* Login */ = {
			isa = PBXGroup;
			children = (
				2C97D7991E4C1B6A00FB407F /* LoginViewController.swift */,
				2C97D79A1E4C1B6A00FB407F /* LoginViewController.xib */,
			);
			path = Login;
			sourceTree = "<group>";
		};
		2C97D79D1E4C1B9300FB407F /* Record */ = {
			isa = PBXGroup;
			children = (
				2C435C341E5301DA00FDD1E7 /* RecordCource */,
				2C97D79E1E4C1B9300FB407F /* CutRecordViewController.swift */,
				2C58C0971E56ADEE00310C1C /* CutBarWaveView.swift */,
				2C97D79F1E4C1B9300FB407F /* PlayRecordViewController.swift */,
				47E9246D1E59E3FC00A4C325 /* PlayBarWaveView.swift */,
				2C97D7A11E4C1B9300FB407F /* SeletceDubViewController.swift */,
			);
			path = Record;
			sourceTree = "<group>";
		};
		2C97D7A61E4C1B9A00FB407F /* Main */ = {
			isa = PBXGroup;
			children = (
				2C97D7AE1E4C3F3700FB407F /* QSNavigationController.swift */,
				2C97D7A71E4C1BBD00FB407F /* MainViewController.swift */,
				2C97D7CB1E4C4BA500FB407F /* MainTableView.swift */,
				2C97D7CD1E4C586900FB407F /* MainTableViewCell.swift */,
				2C97D7CE1E4C586900FB407F /* MainTableViewCell.xib */,
				2C97D7EC1E4D612800FB407F /* CreatCourceViewController.swift */,
				2C97D7F61E502B3F00FB407F /* SettingViewController.swift */,
			);
			path = Main;
			sourceTree = "<group>";
		};
		2C97D7B01E4C441C00FB407F /* Extension */ = {
			isa = PBXGroup;
			children = (
				2C664D831E5A897100D9F4BA /* TimeInterval+Extension.swift */,
				2CFA62CB1E5198F700583622 /* CALayer+Extension.swift */,
				2C97D7C91E4C450F00FB407F /* String+Extension.swift */,
				2C97D7C71E4C44EF00FB407F /* Date+Extension.swift */,
				2C97D7B31E4C441C00FB407F /* UIBarButtonItem+Extensions.swift */,
				2C97D7B41E4C441C00FB407F /* UIButton+Extension.swift */,
				2C97D7B51E4C441C00FB407F /* UIColor+Extension.swift */,
				2C97D7B61E4C441C00FB407F /* UIImage+Extension.swift */,
				2C97D7B71E4C441C00FB407F /* UIImageView+Extension.swift */,
				2C97D7B81E4C441C00FB407F /* UILabel+Extension.swift */,
				2C97D7B91E4C441C00FB407F /* UISearchBar+Extension.swift */,
				2C97D7BA1E4C441C00FB407F /* UISegmentedControl+Extension.swift */,
				2C97D7BB1E4C441C00FB407F /* UIView+Extension.swift */,
			);
			path = Extension;
			sourceTree = "<group>";
		};
		2C97D7D11E4C5E1900FB407F /* Course */ = {
			isa = PBXGroup;
			children = (
				2C97D7D21E4C5E3100FB407F /* CourceMainViewController.swift */,
				2C97D7D41E4C625700FB407F /* CourceMainTableView.swift */,
				2C97D7DA1E4C810900FB407F /* CourceMainTableViewCell.swift */,
				2C97D7DB1E4C810900FB407F /* CourceMainTableViewCell.xib */,
				2C97D7D61E4C7FEA00FB407F /* CourceHeadTbView.swift */,
				2C97D7F21E4DB60800FB407F /* CourceHeadTbView.xib */,
			);
			path = Course;
			sourceTree = "<group>";
		};
		2C97D7E01E4D5AE700FB407F /* Common */ = {
			isa = PBXGroup;
			children = (
				2C97D7E11E4D5AE700FB407F /* BaseAPI.swift */,
				2C97D7E21E4D5AE700FB407F /* ColorCommon.swift */,
				2C97D7E31E4D5AE700FB407F /* QSCommon.swift */,
				2C97D7E41E4D5AE700FB407F /* View */,
			);
			path = Common;
			sourceTree = "<group>";
		};
		2C97D7E41E4D5AE700FB407F /* View */ = {
			isa = PBXGroup;
			children = (
				2C97D7EA1E4D5B4D00FB407F /* BorderTextView.swift */,
				2C97D7E81E4D5B0700FB407F /* BorderBackgroundView.swift */,
				2C97D7F01E4D71B000FB407F /* VerticalButton.swift */,
				2C97D7F41E50288700FB407F /* AvatorView.swift */,
				2C435C351E54341C00FDD1E7 /* NoGapSlider.swift */,
			);
			path = View;
			sourceTree = "<group>";
		};
		2CF791371E35A2300085932C /* MBAWaveformView */ = {
			isa = PBXGroup;
			children = (
				2CF791381E35A2300085932C /* SampleDataFilter.swift */,
				2CF791391E35A2300085932C /* SampleDataProvider.swift */,
				2CF7913A1E35A2300085932C /* WaveformView.swift */,
			);
			path = MBAWaveformView;
			sourceTree = "<group>";
		};
		7D37E0E8D98BB1E8241D057E /* Pods */ = {
			isa = PBXGroup;
			children = (
				B6E0B4A622EF8A5FB833D4A3 /* Pods-FMDemo.debug.xcconfig */,
				8AF07FFC73EC8A0F3B362031 /* Pods-FMDemo.release.xcconfig */,
			);
			name = Pods;
			sourceTree = "<group>";
		};
/* End PBXGroup section */

/* Begin PBXNativeTarget section */
		2C7818BC1DEEA0F4001E3594 /* FMDemo */ = {
			isa = PBXNativeTarget;
			buildConfigurationList = 2C7818CF1DEEA0F4001E3594 /* Build configuration list for PBXNativeTarget "FMDemo" */;
			buildPhases = (
				4D5362CD2730A6D307B44526 /* [CP] Check Pods Manifest.lock */,
				2C7818B91DEEA0F4001E3594 /* Sources */,
				2C7818BA1DEEA0F4001E3594 /* Frameworks */,
				2C7818BB1DEEA0F4001E3594 /* Resources */,
				92A803870F81852EA2694AF1 /* [CP] Embed Pods Frameworks */,
				3C95E8DEE9F459DFF1ED11B7 /* [CP] Copy Pods Resources */,
			);
			buildRules = (
			);
			dependencies = (
			);
			name = FMDemo;
			productName = FMDemo;
			productReference = 2C7818BD1DEEA0F4001E3594 /* FMDemo.app */;
			productType = "com.apple.product-type.application";
		};
/* End PBXNativeTarget section */

/* Begin PBXProject section */
		2C7818B51DEEA0F4001E3594 /* Project object */ = {
			isa = PBXProject;
			attributes = {
				LastSwiftUpdateCheck = 0810;
				LastUpgradeCheck = 0820;
				ORGANIZATIONNAME = mbalib;
				TargetAttributes = {
					2C7818BC1DEEA0F4001E3594 = {
						CreatedOnToolsVersion = 8.1;
						DevelopmentTeam = 6BY5V9TZ5E;
						LastSwiftMigration = 0820;
						ProvisioningStyle = Automatic;
					};
				};
			};
			buildConfigurationList = 2C7818B81DEEA0F4001E3594 /* Build configuration list for PBXProject "FMDemo" */;
			compatibilityVersion = "Xcode 3.2";
			developmentRegion = English;
			hasScannedForEncodings = 0;
			knownRegions = (
				en,
				Base,
			);
			mainGroup = 2C7818B41DEEA0F4001E3594;
			productRefGroup = 2C7818BE1DEEA0F4001E3594 /* Products */;
			projectDirPath = "";
			projectRoot = "";
			targets = (
				2C7818BC1DEEA0F4001E3594 /* FMDemo */,
			);
		};
/* End PBXProject section */

/* Begin PBXResourcesBuildPhase section */
		2C7818BB1DEEA0F4001E3594 /* Resources */ = {
			isa = PBXResourcesBuildPhase;
			buildActionMask = 2147483647;
			files = (
				2C97D7FD1E51427700FB407F /* DubPlayView.xib in Resources */,
				2C97D79C1E4C1B6A00FB407F /* LoginViewController.xib in Resources */,
				2C97D7DD1E4C810900FB407F /* CourceMainTableViewCell.xib in Resources */,
				2C3A597B1E319CD800EBAD70 /* luyingshort.caf in Resources */,
				2C3A597C1E319CD800EBAD70 /* yicailong.caf in Resources */,
				2C3A597D1E319CD800EBAD70 /* yicaishort.caf in Resources */,
				2C97D7F31E4DB60800FB407F /* CourceHeadTbView.xib in Resources */,
				2C94E8101E28AC2700D539DC /* 节奏2.caf in Resources */,
				2C97D7D01E4C586900FB407F /* MainTableViewCell.xib in Resources */,
				2C94E80F1E28AC2700D539DC /* 节奏1.caf in Resources */,
				2C7818CB1DEEA0F4001E3594 /* LaunchScreen.storyboard in Resources */,
				2C7818C81DEEA0F4001E3594 /* Assets.xcassets in Resources */,
				2C7818C61DEEA0F4001E3594 /* Main.storyboard in Resources */,
			);
			runOnlyForDeploymentPostprocessing = 0;
		};
/* End PBXResourcesBuildPhase section */

/* Begin PBXShellScriptBuildPhase section */
		3C95E8DEE9F459DFF1ED11B7 /* [CP] Copy Pods Resources */ = {
			isa = PBXShellScriptBuildPhase;
			buildActionMask = 2147483647;
			files = (
			);
			inputPaths = (
			);
			name = "[CP] Copy Pods Resources";
			outputPaths = (
			);
			runOnlyForDeploymentPostprocessing = 0;
			shellPath = /bin/sh;
			shellScript = "\"${SRCROOT}/Pods/Target Support Files/Pods-FMDemo/Pods-FMDemo-resources.sh\"\n";
			showEnvVarsInLog = 0;
		};
		4D5362CD2730A6D307B44526 /* [CP] Check Pods Manifest.lock */ = {
			isa = PBXShellScriptBuildPhase;
			buildActionMask = 2147483647;
			files = (
			);
			inputPaths = (
			);
			name = "[CP] Check Pods Manifest.lock";
			outputPaths = (
			);
			runOnlyForDeploymentPostprocessing = 0;
			shellPath = /bin/sh;
			shellScript = "diff \"${PODS_ROOT}/../Podfile.lock\" \"${PODS_ROOT}/Manifest.lock\" > /dev/null\nif [ $? != 0 ] ; then\n    # print error to STDERR\n    echo \"error: The sandbox is not in sync with the Podfile.lock. Run 'pod install' or update your CocoaPods installation.\" >&2\n    exit 1\nfi\n";
			showEnvVarsInLog = 0;
		};
		92A803870F81852EA2694AF1 /* [CP] Embed Pods Frameworks */ = {
			isa = PBXShellScriptBuildPhase;
			buildActionMask = 2147483647;
			files = (
			);
			inputPaths = (
			);
			name = "[CP] Embed Pods Frameworks";
			outputPaths = (
			);
			runOnlyForDeploymentPostprocessing = 0;
			shellPath = /bin/sh;
			shellScript = "\"${SRCROOT}/Pods/Target Support Files/Pods-FMDemo/Pods-FMDemo-frameworks.sh\"\n";
			showEnvVarsInLog = 0;
		};
/* End PBXShellScriptBuildPhase section */

/* Begin PBXSourcesBuildPhase section */
		2C7818B91DEEA0F4001E3594 /* Sources */ = {
			isa = PBXSourcesBuildPhase;
			buildActionMask = 2147483647;
			files = (
				2C97D7741E4B13D100FB407F /* BaseSrollView.swift in Sources */,
				2C97D7A21E4C1B9300FB407F /* CutRecordViewController.swift in Sources */,
				2C97D7A41E4C1B9300FB407F /* RecordViewController.swift in Sources */,
				2C97D7761E4B13D100FB407F /* RefreshBaseTableView.swift in Sources */,
				2C97D7871E4B163500FB407F /* MBAProgressHUD.swift in Sources */,
				2C435C2F1E52B4B300FDD1E7 /* RecordSoundSliderView.swift in Sources */,
				2C97D77A1E4B13D100FB407F /* BaseViewController.swift in Sources */,
				2C8574451E488A9500D4119C /* TestViewController.swift in Sources */,
				2CF7913D1E35A2300085932C /* WaveformView.swift in Sources */,
				2C97D7C51E4C441C00FB407F /* UISegmentedControl+Extension.swift in Sources */,
				2C97D7C81E4C44EF00FB407F /* Date+Extension.swift in Sources */,
				2C94E8011E277C7A00D539DC /* MBAAudioUtil.swift in Sources */,
				2C97D7E51E4D5AE700FB407F /* BaseAPI.swift in Sources */,
				2C97D7D71E4C7FEA00FB407F /* CourceHeadTbView.swift in Sources */,
				2C94E7FC1E277C7A00D539DC /* DOFavoriteButton.swift in Sources */,
				2C97D7E71E4D5AE700FB407F /* QSCommon.swift in Sources */,
				2C97D7AF1E4C3F3700FB407F /* QSNavigationController.swift in Sources */,
				2C94E8031E277C7A00D539DC /* MBAPlayerHelper.swift in Sources */,
				2C97D78F1E4B257500FB407F /* KeService.swift in Sources */,
				2C97D7C21E4C441C00FB407F /* UIImageView+Extension.swift in Sources */,
				2C97D7CC1E4C4BA500FB407F /* MainTableView.swift in Sources */,
				2C97D7D51E4C625700FB407F /* CourceMainTableView.swift in Sources */,
				2C94E8001E277C7A00D539DC /* MBAAudioHelper.swift in Sources */,
				2C97D7751E4B13D100FB407F /* BaseTableView.swift in Sources */,
				2C97D7BE1E4C441C00FB407F /* UIBarButtonItem+Extensions.swift in Sources */,
				2C435C361E54341C00FDD1E7 /* NoGapSlider.swift in Sources */,
				2CF7913B1E35A2300085932C /* SampleDataFilter.swift in Sources */,
				2C97D7C41E4C441C00FB407F /* UISearchBar+Extension.swift in Sources */,
				2C97D7CA1E4C450F00FB407F /* String+Extension.swift in Sources */,
				2C97D7DC1E4C810900FB407F /* CourceMainTableViewCell.swift in Sources */,
				2C97D7791E4B13D100FB407F /* BaseTableViewController.swift in Sources */,
				2C97D7EB1E4D5B4D00FB407F /* BorderTextView.swift in Sources */,
				2C97D7BF1E4C441C00FB407F /* UIButton+Extension.swift in Sources */,
				47E9246E1E59E3FC00A4C325 /* PlayBarWaveView.swift in Sources */,
				2C97D7E91E4D5B0700FB407F /* BorderBackgroundView.swift in Sources */,
				2C94E7FB1E277C7A00D539DC /* ViewController.swift in Sources */,
				2C97D7A31E4C1B9300FB407F /* PlayRecordViewController.swift in Sources */,
				2C97D7D31E4C5E3100FB407F /* CourceMainViewController.swift in Sources */,
				2C94E8021E277C7A00D539DC /* MBACache.swift in Sources */,
				2C97D7A81E4C1BBD00FB407F /* MainViewController.swift in Sources */,
				2C0239C11E4B06FC00CD6008 /* BaseModel.swift in Sources */,
				2C435C2B1E51D0D200FDD1E7 /* RecordImgCollectionView.swift in Sources */,
				2C97D7C11E4C441C00FB407F /* UIImage+Extension.swift in Sources */,
				2C97D7C61E4C441C00FB407F /* UIView+Extension.swift in Sources */,
				2C97D7851E4B158A00FB407F /* IdsModel.swift in Sources */,
				2C97D78D1E4B23C800FB407F /* AccessTokenModel.swift in Sources */,
				2C97D7F11E4D71B000FB407F /* VerticalButton.swift in Sources */,
				2CF7913C1E35A2300085932C /* SampleDataProvider.swift in Sources */,
				2C97D7891E4B17FC00FB407F /* MBARequest.swift in Sources */,
				2C7818C11DEEA0F4001E3594 /* AppDelegate.swift in Sources */,
				2C97D7C01E4C441C00FB407F /* UIColor+Extension.swift in Sources */,
				2C94E7FD1E277C7A00D539DC /* FavoriteBtnViewController.swift in Sources */,
				2C0239B51E4B02EF00CD6008 /* MBAToast.swift in Sources */,
				2C97D7F51E50288700FB407F /* AvatorView.swift in Sources */,
				2C97D7CF1E4C586900FB407F /* MainTableViewCell.swift in Sources */,
				2C97D79B1E4C1B6A00FB407F /* LoginViewController.swift in Sources */,
				2C435C2A1E51D0D200FDD1E7 /* RecordImgCollectionCell.swift in Sources */,
				2C97D7A51E4C1B9300FB407F /* SeletceDubViewController.swift in Sources */,
				2C97D7F71E502B3F00FB407F /* SettingViewController.swift in Sources */,
				2C664D841E5A897100D9F4BA /* TimeInterval+Extension.swift in Sources */,
				2C97D7E61E4D5AE700FB407F /* ColorCommon.swift in Sources */,
				2C97D7C31E4C441C00FB407F /* UILabel+Extension.swift in Sources */,
				2C58C0981E56ADEE00310C1C /* CutBarWaveView.swift in Sources */,
				2C94E8041E277C7A00D539DC /* TimeTool.swift in Sources */,
				2C94E8051E277C7A00D539DC /* Lame2mp3Tool.m in Sources */,
				2C97D7911E4B2AC500FB407F /* LoginModel.swift in Sources */,
				2C97D7771E4B13D100FB407F /* RefreshBaseTableViewCell.swift in Sources */,
				2CF791431E3610D80085932C /* Switch.swift in Sources */,
				2C97D7FA1E513F7000FB407F /* DubPlayView.swift in Sources */,
				2CFA62CC1E5198F700583622 /* CALayer+Extension.swift in Sources */,
				2C97D7ED1E4D612800FB407F /* CreatCourceViewController.swift in Sources */,
			);
			runOnlyForDeploymentPostprocessing = 0;
		};
/* End PBXSourcesBuildPhase section */

/* Begin PBXVariantGroup section */
		2C7818C41DEEA0F4001E3594 /* Main.storyboard */ = {
			isa = PBXVariantGroup;
			children = (
				2C7818C51DEEA0F4001E3594 /* Base */,
			);
			name = Main.storyboard;
			sourceTree = "<group>";
		};
		2C7818C91DEEA0F4001E3594 /* LaunchScreen.storyboard */ = {
			isa = PBXVariantGroup;
			children = (
				2C7818CA1DEEA0F4001E3594 /* Base */,
			);
			name = LaunchScreen.storyboard;
			sourceTree = "<group>";
		};
/* End PBXVariantGroup section */

/* Begin XCBuildConfiguration section */
		2C7818CD1DEEA0F4001E3594 /* Debug */ = {
			isa = XCBuildConfiguration;
			buildSettings = {
				ALWAYS_SEARCH_USER_PATHS = NO;
				CLANG_ANALYZER_NONNULL = YES;
				CLANG_CXX_LANGUAGE_STANDARD = "gnu++0x";
				CLANG_CXX_LIBRARY = "libc++";
				CLANG_ENABLE_MODULES = YES;
				CLANG_ENABLE_OBJC_ARC = YES;
				CLANG_WARN_BOOL_CONVERSION = YES;
				CLANG_WARN_CONSTANT_CONVERSION = YES;
				CLANG_WARN_DIRECT_OBJC_ISA_USAGE = YES_ERROR;
				CLANG_WARN_DOCUMENTATION_COMMENTS = YES;
				CLANG_WARN_EMPTY_BODY = YES;
				CLANG_WARN_ENUM_CONVERSION = YES;
				CLANG_WARN_INFINITE_RECURSION = YES;
				CLANG_WARN_INT_CONVERSION = YES;
				CLANG_WARN_OBJC_ROOT_CLASS = YES_ERROR;
				CLANG_WARN_SUSPICIOUS_MOVE = YES;
				CLANG_WARN_SUSPICIOUS_MOVES = YES;
				CLANG_WARN_UNREACHABLE_CODE = YES;
				CLANG_WARN__DUPLICATE_METHOD_MATCH = YES;
				"CODE_SIGN_IDENTITY[sdk=iphoneos*]" = "iPhone Developer";
				COPY_PHASE_STRIP = NO;
				DEBUG_INFORMATION_FORMAT = dwarf;
				ENABLE_BITCODE = NO;
				ENABLE_STRICT_OBJC_MSGSEND = YES;
				ENABLE_TESTABILITY = YES;
				GCC_C_LANGUAGE_STANDARD = gnu99;
				GCC_DYNAMIC_NO_PIC = NO;
				GCC_NO_COMMON_BLOCKS = YES;
				GCC_OPTIMIZATION_LEVEL = 0;
				GCC_PREPROCESSOR_DEFINITIONS = (
					"DEBUG=1",
					"$(inherited)",
				);
				GCC_WARN_64_TO_32_BIT_CONVERSION = YES;
				GCC_WARN_ABOUT_RETURN_TYPE = YES_ERROR;
				GCC_WARN_UNDECLARED_SELECTOR = YES;
				GCC_WARN_UNINITIALIZED_AUTOS = YES_AGGRESSIVE;
				GCC_WARN_UNUSED_FUNCTION = YES;
				GCC_WARN_UNUSED_VARIABLE = YES;
				IPHONEOS_DEPLOYMENT_TARGET = 10.1;
				MTL_ENABLE_DEBUG_INFO = YES;
				ONLY_ACTIVE_ARCH = YES;
				SDKROOT = iphoneos;
				SWIFT_ACTIVE_COMPILATION_CONDITIONS = DEBUG;
				SWIFT_OPTIMIZATION_LEVEL = "-Onone";
				TARGETED_DEVICE_FAMILY = "1,2";
			};
			name = Debug;
		};
		2C7818CE1DEEA0F4001E3594 /* Release */ = {
			isa = XCBuildConfiguration;
			buildSettings = {
				ALWAYS_SEARCH_USER_PATHS = NO;
				CLANG_ANALYZER_NONNULL = YES;
				CLANG_CXX_LANGUAGE_STANDARD = "gnu++0x";
				CLANG_CXX_LIBRARY = "libc++";
				CLANG_ENABLE_MODULES = YES;
				CLANG_ENABLE_OBJC_ARC = YES;
				CLANG_WARN_BOOL_CONVERSION = YES;
				CLANG_WARN_CONSTANT_CONVERSION = YES;
				CLANG_WARN_DIRECT_OBJC_ISA_USAGE = YES_ERROR;
				CLANG_WARN_DOCUMENTATION_COMMENTS = YES;
				CLANG_WARN_EMPTY_BODY = YES;
				CLANG_WARN_ENUM_CONVERSION = YES;
				CLANG_WARN_INFINITE_RECURSION = YES;
				CLANG_WARN_INT_CONVERSION = YES;
				CLANG_WARN_OBJC_ROOT_CLASS = YES_ERROR;
				CLANG_WARN_SUSPICIOUS_MOVE = YES;
				CLANG_WARN_SUSPICIOUS_MOVES = YES;
				CLANG_WARN_UNREACHABLE_CODE = YES;
				CLANG_WARN__DUPLICATE_METHOD_MATCH = YES;
				"CODE_SIGN_IDENTITY[sdk=iphoneos*]" = "iPhone Developer";
				COPY_PHASE_STRIP = NO;
				DEBUG_INFORMATION_FORMAT = "dwarf-with-dsym";
				ENABLE_BITCODE = NO;
				ENABLE_NS_ASSERTIONS = NO;
				ENABLE_STRICT_OBJC_MSGSEND = YES;
				GCC_C_LANGUAGE_STANDARD = gnu99;
				GCC_NO_COMMON_BLOCKS = YES;
				GCC_WARN_64_TO_32_BIT_CONVERSION = YES;
				GCC_WARN_ABOUT_RETURN_TYPE = YES_ERROR;
				GCC_WARN_UNDECLARED_SELECTOR = YES;
				GCC_WARN_UNINITIALIZED_AUTOS = YES_AGGRESSIVE;
				GCC_WARN_UNUSED_FUNCTION = YES;
				GCC_WARN_UNUSED_VARIABLE = YES;
				IPHONEOS_DEPLOYMENT_TARGET = 10.1;
				MTL_ENABLE_DEBUG_INFO = NO;
				SDKROOT = iphoneos;
				SWIFT_OPTIMIZATION_LEVEL = "-Owholemodule";
				TARGETED_DEVICE_FAMILY = "1,2";
				VALIDATE_PRODUCT = YES;
			};
			name = Release;
		};
		2C7818D01DEEA0F4001E3594 /* Debug */ = {
			isa = XCBuildConfiguration;
			baseConfigurationReference = B6E0B4A622EF8A5FB833D4A3 /* Pods-FMDemo.debug.xcconfig */;
			buildSettings = {
				ASSETCATALOG_COMPILER_APPICON_NAME = AppIcon;
				CLANG_ENABLE_MODULES = YES;
				"CODE_SIGN_IDENTITY[sdk=iphoneos*]" = "iPhone Developer";
				DEVELOPMENT_TEAM = 6BY5V9TZ5E;
				INFOPLIST_FILE = FMDemo/Info.plist;
				IPHONEOS_DEPLOYMENT_TARGET = 9.0;
				LD_RUNPATH_SEARCH_PATHS = "$(inherited) @executable_path/Frameworks";
				LIBRARY_SEARCH_PATHS = (
					"$(inherited)",
					"$(PROJECT_DIR)/FMDemo/lame",
					"$(PROJECT_DIR)/FMDemo/Classes/Vender/lame",
				);
				PRODUCT_BUNDLE_IDENTIFIER = com.mbalib.ios.ke;
				PRODUCT_NAME = "$(TARGET_NAME)";
				PROVISIONING_PROFILE = "";
				PROVISIONING_PROFILE_SPECIFIER = "";
				SWIFT_OBJC_BRIDGING_HEADER = "FMDemo/FMDemo-Bridging-Header.h";
				SWIFT_OPTIMIZATION_LEVEL = "-Onone";
				SWIFT_VERSION = 3.0;
			};
			name = Debug;
		};
		2C7818D11DEEA0F4001E3594 /* Release */ = {
			isa = XCBuildConfiguration;
			baseConfigurationReference = 8AF07FFC73EC8A0F3B362031 /* Pods-FMDemo.release.xcconfig */;
			buildSettings = {
				ASSETCATALOG_COMPILER_APPICON_NAME = AppIcon;
				CLANG_ENABLE_MODULES = YES;
				CODE_SIGN_IDENTITY = "iPhone Developer";
				"CODE_SIGN_IDENTITY[sdk=iphoneos*]" = "iPhone Developer";
				DEVELOPMENT_TEAM = 6BY5V9TZ5E;
				INFOPLIST_FILE = FMDemo/Info.plist;
				IPHONEOS_DEPLOYMENT_TARGET = 9.0;
				LD_RUNPATH_SEARCH_PATHS = "$(inherited) @executable_path/Frameworks";
				LIBRARY_SEARCH_PATHS = (
					"$(inherited)",
					"$(PROJECT_DIR)/FMDemo/lame",
					"$(PROJECT_DIR)/FMDemo/Classes/Vender/lame",
				);
				PRODUCT_BUNDLE_IDENTIFIER = com.mbalib.ios.ke;
				PRODUCT_NAME = "$(TARGET_NAME)";
				PROVISIONING_PROFILE = "";
				PROVISIONING_PROFILE_SPECIFIER = "";
				SWIFT_OBJC_BRIDGING_HEADER = "FMDemo/FMDemo-Bridging-Header.h";
				SWIFT_VERSION = 3.0;
			};
			name = Release;
		};
/* End XCBuildConfiguration section */

/* Begin XCConfigurationList section */
		2C7818B81DEEA0F4001E3594 /* Build configuration list for PBXProject "FMDemo" */ = {
			isa = XCConfigurationList;
			buildConfigurations = (
				2C7818CD1DEEA0F4001E3594 /* Debug */,
				2C7818CE1DEEA0F4001E3594 /* Release */,
			);
			defaultConfigurationIsVisible = 0;
			defaultConfigurationName = Release;
		};
		2C7818CF1DEEA0F4001E3594 /* Build configuration list for PBXNativeTarget "FMDemo" */ = {
			isa = XCConfigurationList;
			buildConfigurations = (
				2C7818D01DEEA0F4001E3594 /* Debug */,
				2C7818D11DEEA0F4001E3594 /* Release */,
			);
			defaultConfigurationIsVisible = 0;
			defaultConfigurationName = Release;
		};
/* End XCConfigurationList section */
	};
	rootObject = 2C7818B51DEEA0F4001E3594 /* Project object */;
}
